
Microsoft Visual Studio Solution File, Format Version 12.00
# Visual Studio Version 17
VisualStudioVersion = 17.0.31903.59
MinimumVisualStudioVersion = 10.0.40219.1
Project("{2150E333-8FDC-42A3-9474-1A3956D46DE8}") = "src", "src", "{6ED356A7-8B47-4613-AD01-C85CF28491BD}"
EndProject
Project("{2150E333-8FDC-42A3-9474-1A3956D46DE8}") = "Services", "Services", "{A9351852-FAB1-4684-8D1E-42E73FC98306}"
EndProject
Project("{2150E333-8FDC-42A3-9474-1A3956D46DE8}") = "User", "User", "{AA8FD703-734B-4C4C-8356-EA845C5DD03E}"
EndProject
Project("{9A19103F-16F7-4668-BE54-9A1E7A4F7556}") = "Naxxum.Enlightenment.User.Infrastructure", "Naxxum.Enlightenment.User.Infrastructure\Naxxum.Enlightenment.User.Infrastructure.csproj", "{405CEC7C-ECB8-401E-AFE7-AAEA7446E9A7}"
EndProject
Project("{9A19103F-16F7-4668-BE54-9A1E7A4F7556}") = "Naxxum.Enlightenment.User.Domain", "Naxxum.Enlightenment.User.Domain\Naxxum.Enlightenment.User.Domain.csproj", "{E40AD70A-4454-4A65-B065-3477326FEB2D}"
EndProject
Project("{9A19103F-16F7-4668-BE54-9A1E7A4F7556}") = "Naxxum.Enlightenment.User.Application", "Naxxum.Enlightenment.User.Application\Naxxum.Enlightenment.User.Application.csproj", "{20E7E346-0C79-4014-A9FD-FCDAEA43B933}"
EndProject
Project("{9A19103F-16F7-4668-BE54-9A1E7A4F7556}") = "Naxxum.Enlightenment.User.Api", "Naxxum.Enlightenment.User.Api\Naxxum.Enlightenment.User.Api.csproj", "{76AED20C-DBEE-4DD2-99C4-0388B5CC2880}"
EndProject
Project("{2150E333-8FDC-42A3-9474-1A3956D46DE8}") = "Salle", "Salle", "{10B438DF-5699-487A-899A-B08A511CE43A}"
EndProject
Project("{9A19103F-16F7-4668-BE54-9A1E7A4F7556}") = "Naxxum.Enlightenment.Salle.Domain", "Naxxum.Enlightenment.Salle.Domain\Naxxum.Enlightenment.Salle.Domain.csproj", "{D987965C-BCC1-43D4-938F-50F947B46003}"
EndProject
Project("{9A19103F-16F7-4668-BE54-9A1E7A4F7556}") = "Naxxum.Enlightenment.Salle.Application", "Naxxum.Enlightenment.Salle.Application\Naxxum.Enlightenment.Salle.Application.csproj", "{38C53C5F-5C40-4968-9A12-DC643F5DCC48}"
EndProject
Project("{9A19103F-16F7-4668-BE54-9A1E7A4F7556}") = "Naxxum.Enlightenment.Salle.Infrastructure", "Naxxum.Enlightenment.Salle.Infrastructure\Naxxum.Enlightenment.Salle.Infrastructure.csproj", "{40BD63F0-4E7A-4B3C-A8DC-CFA5FA0E1051}"
EndProject
Project("{FAE04EC0-301F-11D3-BF4B-00C04F79EFBC}") = "Naxxum.Enlightenment.Salle.API", "Naxxum.Enlightenment.Salle.API\Naxxum.Enlightenment.Salle.API.csproj", "{54D9B995-C8AB-464F-AC9B-175623C191D6}"
EndProject
Global
	GlobalSection(SolutionConfigurationPlatforms) = preSolution
		Debug|Any CPU = Debug|Any CPU
		Release|Any CPU = Release|Any CPU
	EndGlobalSection
	GlobalSection(ProjectConfigurationPlatforms) = postSolution
		{405CEC7C-ECB8-401E-AFE7-AAEA7446E9A7}.Debug|Any CPU.ActiveCfg = Debug|Any CPU
		{405CEC7C-ECB8-401E-AFE7-AAEA7446E9A7}.Debug|Any CPU.Build.0 = Debug|Any CPU
		{405CEC7C-ECB8-401E-AFE7-AAEA7446E9A7}.Release|Any CPU.ActiveCfg = Release|Any CPU
		{405CEC7C-ECB8-401E-AFE7-AAEA7446E9A7}.Release|Any CPU.Build.0 = Release|Any CPU
		{E40AD70A-4454-4A65-B065-3477326FEB2D}.Debug|Any CPU.ActiveCfg = Debug|Any CPU
		{E40AD70A-4454-4A65-B065-3477326FEB2D}.Debug|Any CPU.Build.0 = Debug|Any CPU
		{E40AD70A-4454-4A65-B065-3477326FEB2D}.Release|Any CPU.ActiveCfg = Release|Any CPU
		{E40AD70A-4454-4A65-B065-3477326FEB2D}.Release|Any CPU.Build.0 = Release|Any CPU
		{20E7E346-0C79-4014-A9FD-FCDAEA43B933}.Debug|Any CPU.ActiveCfg = Debug|Any CPU
		{20E7E346-0C79-4014-A9FD-FCDAEA43B933}.Debug|Any CPU.Build.0 = Debug|Any CPU
		{20E7E346-0C79-4014-A9FD-FCDAEA43B933}.Release|Any CPU.ActiveCfg = Release|Any CPU
		{20E7E346-0C79-4014-A9FD-FCDAEA43B933}.Release|Any CPU.Build.0 = Release|Any CPU
		{76AED20C-DBEE-4DD2-99C4-0388B5CC2880}.Debug|Any CPU.ActiveCfg = Debug|Any CPU
		{76AED20C-DBEE-4DD2-99C4-0388B5CC2880}.Debug|Any CPU.Build.0 = Debug|Any CPU
		{76AED20C-DBEE-4DD2-99C4-0388B5CC2880}.Release|Any CPU.ActiveCfg = Release|Any CPU
		{76AED20C-DBEE-4DD2-99C4-0388B5CC2880}.Release|Any CPU.Build.0 = Release|Any CPU
		{D987965C-BCC1-43D4-938F-50F947B46003}.Debug|Any CPU.ActiveCfg = Debug|Any CPU
		{D987965C-BCC1-43D4-938F-50F947B46003}.Debug|Any CPU.Build.0 = Debug|Any CPU
		{D987965C-BCC1-43D4-938F-50F947B46003}.Release|Any CPU.ActiveCfg = Release|Any CPU
		{D987965C-BCC1-43D4-938F-50F947B46003}.Release|Any CPU.Build.0 = Release|Any CPU
		{38C53C5F-5C40-4968-9A12-DC643F5DCC48}.Debug|Any CPU.ActiveCfg = Debug|Any CPU
		{38C53C5F-5C40-4968-9A12-DC643F5DCC48}.Debug|Any CPU.Build.0 = Debug|Any CPU
		{38C53C5F-5C40-4968-9A12-DC643F5DCC48}.Release|Any CPU.ActiveCfg = Release|Any CPU
		{38C53C5F-5C40-4968-9A12-DC643F5DCC48}.Release|Any CPU.Build.0 = Release|Any CPU
		{40BD63F0-4E7A-4B3C-A8DC-CFA5FA0E1051}.Debug|Any CPU.ActiveCfg = Debug|Any CPU
		{40BD63F0-4E7A-4B3C-A8DC-CFA5FA0E1051}.Debug|Any CPU.Build.0 = Debug|Any CPU
		{40BD63F0-4E7A-4B3C-A8DC-CFA5FA0E1051}.Release|Any CPU.ActiveCfg = Release|Any CPU
		{40BD63F0-4E7A-4B3C-A8DC-CFA5FA0E1051}.Release|Any CPU.Build.0 = Release|Any CPU
		{54D9B995-C8AB-464F-AC9B-175623C191D6}.Debug|Any CPU.ActiveCfg = Debug|Any CPU
		{54D9B995-C8AB-464F-AC9B-175623C191D6}.Debug|Any CPU.Build.0 = Debug|Any CPU
		{54D9B995-C8AB-464F-AC9B-175623C191D6}.Release|Any CPU.ActiveCfg = Release|Any CPU
		{54D9B995-C8AB-464F-AC9B-175623C191D6}.Release|Any CPU.Build.0 = Release|Any CPU
	EndGlobalSection
	GlobalSection(SolutionProperties) = preSolution
		HideSolutionNode = FALSE
	EndGlobalSection
	GlobalSection(NestedProjects) = preSolution
		{A9351852-FAB1-4684-8D1E-42E73FC98306} = {6ED356A7-8B47-4613-AD01-C85CF28491BD}
		{AA8FD703-734B-4C4C-8356-EA845C5DD03E} = {A9351852-FAB1-4684-8D1E-42E73FC98306}
		{405CEC7C-ECB8-401E-AFE7-AAEA7446E9A7} = {AA8FD703-734B-4C4C-8356-EA845C5DD03E}
		{E40AD70A-4454-4A65-B065-3477326FEB2D} = {AA8FD703-734B-4C4C-8356-EA845C5DD03E}
		{20E7E346-0C79-4014-A9FD-FCDAEA43B933} = {AA8FD703-734B-4C4C-8356-EA845C5DD03E}
		{76AED20C-DBEE-4DD2-99C4-0388B5CC2880} = {AA8FD703-734B-4C4C-8356-EA845C5DD03E}
		{10B438DF-5699-487A-899A-B08A511CE43A} = {A9351852-FAB1-4684-8D1E-42E73FC98306}
		{D987965C-BCC1-43D4-938F-50F947B46003} = {10B438DF-5699-487A-899A-B08A511CE43A}
		{38C53C5F-5C40-4968-9A12-DC643F5DCC48} = {10B438DF-5699-487A-899A-B08A511CE43A}
		{40BD63F0-4E7A-4B3C-A8DC-CFA5FA0E1051} = {10B438DF-5699-487A-899A-B08A511CE43A}
		{54D9B995-C8AB-464F-AC9B-175623C191D6} = {10B438DF-5699-487A-899A-B08A511CE43A}
	EndGlobalSection
	GlobalSection(ExtensibilityGlobals) = postSolution
		SolutionGuid = {3CB609D9-5D54-4C11-A371-DAAC8B74E430}
	EndGlobalSection
EndGlobal
