
Microsoft Visual Studio Solution File, Format Version 12.00
# Visual Studio Version 17
VisualStudioVersion = 17.0.31903.59
MinimumVisualStudioVersion = 10.0.40219.1
Project("{9A19103F-16F7-4668-BE54-9A1E7A4F7556}") = "Domain", "src\Domain\Domain.csproj", "{C7E89A3E-A631-4760-8D61-BD1EAB1C4E69}"
EndProject
Project("{9A19103F-16F7-4668-BE54-9A1E7A4F7556}") = "Application", "src\Application\Application.csproj", "{34C0FACD-F3D9-400C-8945-554DD6B0819A}"
EndProject
Project("{9A19103F-16F7-4668-BE54-9A1E7A4F7556}") = "Infrastructure", "src\Infrastructure\Infrastructure.csproj", "{117DA02F-5274-4565-ACC6-DA9B6E568B09}"
EndProject
Project("{2150E333-8FDC-42A3-9474-1A3956D46DE8}") = "src", "src", "{6ED356A7-8B47-4613-AD01-C85CF28491BD}"
EndProject
Project("{2150E333-8FDC-42A3-9474-1A3956D46DE8}") = "tests", "tests", "{664D406C-2F83-48F0-BFC3-408D5CB53C65}"
EndProject
Project("{9A19103F-16F7-4668-BE54-9A1E7A4F7556}") = "Application.UnitTests", "tests\Application.UnitTests\Application.UnitTests.csproj", "{DEFF4009-1FAB-4392-80B6-707E2DC5C00B}"
EndProject
Project("{9A19103F-16F7-4668-BE54-9A1E7A4F7556}") = "Domain.UnitTests", "tests\Domain.UnitTests\Domain.UnitTests.csproj", "{DC37FD87-552C-4613-9F16-1537CA522898}"
EndProject
Project("{9A19103F-16F7-4668-BE54-9A1E7A4F7556}") = "Application.IntegrationTests", "tests\Application.IntegrationTests\Application.IntegrationTests.csproj", "{277029AF-D9E1-4B75-9F11-48FEA7345AD7}"
EndProject
Project("{9A19103F-16F7-4668-BE54-9A1E7A4F7556}") = "WebUI", "src\WebUI\WebUI.csproj", "{22454EE9-16B3-4B7A-8352-37E59B858155}"
EndProject
Project("{2150E333-8FDC-42A3-9474-1A3956D46DE8}") = "Solution Items", "Solution Items", "{E2DA20AA-28D1-455C-BF50-C49A8F831633}"
	ProjectSection(SolutionItems) = preProject
		.editorconfig = .editorconfig
		.gitignore = .gitignore
		global.json = global.json
	EndProjectSection
EndProject
Project("{2150E333-8FDC-42A3-9474-1A3956D46DE8}") = "Classe", "Classe", "{A15D53F1-C08A-4C83-B6B0-36BB5F112C77}"
EndProject
Project("{9A19103F-16F7-4668-BE54-9A1E7A4F7556}") = "Utilisateur", "Utilisateur\Utilisateur.csproj", "{7FEC1B54-353C-4239-B052-EBD038B7B8C3}"
EndProject
Project("{2150E333-8FDC-42A3-9474-1A3956D46DE8}") = "APIGateway", "APIGateway", "{416139BB-5B5F-4868-8531-E9D2717A1B79}"
EndProject
Project("{9A19103F-16F7-4668-BE54-9A1E7A4F7556}") = "OcelotGateway", "OcelotGateway\OcelotGateway.csproj", "{89C8193C-C639-4BD4-8615-565E06015A35}"
EndProject
Project("{2150E333-8FDC-42A3-9474-1A3956D46DE8}") = "Services", "Services", "{A9351852-FAB1-4684-8D1E-42E73FC98306}"
EndProject
Project("{2150E333-8FDC-42A3-9474-1A3956D46DE8}") = "User", "User", "{AA8FD703-734B-4C4C-8356-EA845C5DD03E}"
EndProject
Project("{9A19103F-16F7-4668-BE54-9A1E7A4F7556}") = "DomainUser", "DomainUser\DomainUser.csproj", "{890F43EE-C046-40FF-8000-F4A851944251}"
EndProject
Project("{9A19103F-16F7-4668-BE54-9A1E7A4F7556}") = "User", "User\User.csproj", "{0679A71F-7A5E-4D63-AEC5-5E887E28ADDB}"
EndProject
Project("{FAE04EC0-301F-11D3-BF4B-00C04F79EFBC}") = "InfrastructureUser", "InfrastructureUser\InfrastructureUser.csproj", "{CD767EBA-B51C-45AB-B971-BBD5C19CAF25}"
EndProject
Project("{FAE04EC0-301F-11D3-BF4B-00C04F79EFBC}") = "ApplicationUser", "ApplicationUser\ApplicationUser.csproj", "{0EE5FFD2-E70E-4442-A9CA-CC80A64D1DA2}"
EndProject
Global
	GlobalSection(SolutionConfigurationPlatforms) = preSolution
		Debug|Any CPU = Debug|Any CPU
		Release|Any CPU = Release|Any CPU
	EndGlobalSection
	GlobalSection(ProjectConfigurationPlatforms) = postSolution
		{C7E89A3E-A631-4760-8D61-BD1EAB1C4E69}.Debug|Any CPU.ActiveCfg = Debug|Any CPU
		{C7E89A3E-A631-4760-8D61-BD1EAB1C4E69}.Debug|Any CPU.Build.0 = Debug|Any CPU
		{C7E89A3E-A631-4760-8D61-BD1EAB1C4E69}.Release|Any CPU.ActiveCfg = Release|Any CPU
		{C7E89A3E-A631-4760-8D61-BD1EAB1C4E69}.Release|Any CPU.Build.0 = Release|Any CPU
		{34C0FACD-F3D9-400C-8945-554DD6B0819A}.Debug|Any CPU.ActiveCfg = Debug|Any CPU
		{34C0FACD-F3D9-400C-8945-554DD6B0819A}.Debug|Any CPU.Build.0 = Debug|Any CPU
		{34C0FACD-F3D9-400C-8945-554DD6B0819A}.Release|Any CPU.ActiveCfg = Release|Any CPU
		{34C0FACD-F3D9-400C-8945-554DD6B0819A}.Release|Any CPU.Build.0 = Release|Any CPU
		{117DA02F-5274-4565-ACC6-DA9B6E568B09}.Debug|Any CPU.ActiveCfg = Debug|Any CPU
		{117DA02F-5274-4565-ACC6-DA9B6E568B09}.Debug|Any CPU.Build.0 = Debug|Any CPU
		{117DA02F-5274-4565-ACC6-DA9B6E568B09}.Release|Any CPU.ActiveCfg = Release|Any CPU
		{117DA02F-5274-4565-ACC6-DA9B6E568B09}.Release|Any CPU.Build.0 = Release|Any CPU
		{DEFF4009-1FAB-4392-80B6-707E2DC5C00B}.Debug|Any CPU.ActiveCfg = Debug|Any CPU
		{DEFF4009-1FAB-4392-80B6-707E2DC5C00B}.Debug|Any CPU.Build.0 = Debug|Any CPU
		{DEFF4009-1FAB-4392-80B6-707E2DC5C00B}.Release|Any CPU.ActiveCfg = Release|Any CPU
		{DEFF4009-1FAB-4392-80B6-707E2DC5C00B}.Release|Any CPU.Build.0 = Release|Any CPU
		{DC37FD87-552C-4613-9F16-1537CA522898}.Debug|Any CPU.ActiveCfg = Debug|Any CPU
		{DC37FD87-552C-4613-9F16-1537CA522898}.Debug|Any CPU.Build.0 = Debug|Any CPU
		{DC37FD87-552C-4613-9F16-1537CA522898}.Release|Any CPU.ActiveCfg = Release|Any CPU
		{DC37FD87-552C-4613-9F16-1537CA522898}.Release|Any CPU.Build.0 = Release|Any CPU
		{277029AF-D9E1-4B75-9F11-48FEA7345AD7}.Debug|Any CPU.ActiveCfg = Debug|Any CPU
		{277029AF-D9E1-4B75-9F11-48FEA7345AD7}.Debug|Any CPU.Build.0 = Debug|Any CPU
		{277029AF-D9E1-4B75-9F11-48FEA7345AD7}.Release|Any CPU.ActiveCfg = Release|Any CPU
		{277029AF-D9E1-4B75-9F11-48FEA7345AD7}.Release|Any CPU.Build.0 = Release|Any CPU
		{22454EE9-16B3-4B7A-8352-37E59B858155}.Debug|Any CPU.ActiveCfg = Debug|Any CPU
		{22454EE9-16B3-4B7A-8352-37E59B858155}.Debug|Any CPU.Build.0 = Debug|Any CPU
		{22454EE9-16B3-4B7A-8352-37E59B858155}.Release|Any CPU.ActiveCfg = Release|Any CPU
		{22454EE9-16B3-4B7A-8352-37E59B858155}.Release|Any CPU.Build.0 = Release|Any CPU
		{7FEC1B54-353C-4239-B052-EBD038B7B8C3}.Debug|Any CPU.ActiveCfg = Debug|Any CPU
		{7FEC1B54-353C-4239-B052-EBD038B7B8C3}.Debug|Any CPU.Build.0 = Debug|Any CPU
		{7FEC1B54-353C-4239-B052-EBD038B7B8C3}.Release|Any CPU.ActiveCfg = Release|Any CPU
		{7FEC1B54-353C-4239-B052-EBD038B7B8C3}.Release|Any CPU.Build.0 = Release|Any CPU
		{89C8193C-C639-4BD4-8615-565E06015A35}.Debug|Any CPU.ActiveCfg = Debug|Any CPU
		{89C8193C-C639-4BD4-8615-565E06015A35}.Debug|Any CPU.Build.0 = Debug|Any CPU
		{89C8193C-C639-4BD4-8615-565E06015A35}.Release|Any CPU.ActiveCfg = Release|Any CPU
		{89C8193C-C639-4BD4-8615-565E06015A35}.Release|Any CPU.Build.0 = Release|Any CPU
		{890F43EE-C046-40FF-8000-F4A851944251}.Debug|Any CPU.ActiveCfg = Debug|Any CPU
		{890F43EE-C046-40FF-8000-F4A851944251}.Debug|Any CPU.Build.0 = Debug|Any CPU
		{890F43EE-C046-40FF-8000-F4A851944251}.Release|Any CPU.ActiveCfg = Release|Any CPU
		{890F43EE-C046-40FF-8000-F4A851944251}.Release|Any CPU.Build.0 = Release|Any CPU
		{0679A71F-7A5E-4D63-AEC5-5E887E28ADDB}.Debug|Any CPU.ActiveCfg = Debug|Any CPU
		{0679A71F-7A5E-4D63-AEC5-5E887E28ADDB}.Debug|Any CPU.Build.0 = Debug|Any CPU
		{0679A71F-7A5E-4D63-AEC5-5E887E28ADDB}.Release|Any CPU.ActiveCfg = Release|Any CPU
		{0679A71F-7A5E-4D63-AEC5-5E887E28ADDB}.Release|Any CPU.Build.0 = Release|Any CPU
		{CD767EBA-B51C-45AB-B971-BBD5C19CAF25}.Debug|Any CPU.ActiveCfg = Debug|Any CPU
		{CD767EBA-B51C-45AB-B971-BBD5C19CAF25}.Debug|Any CPU.Build.0 = Debug|Any CPU
		{CD767EBA-B51C-45AB-B971-BBD5C19CAF25}.Release|Any CPU.ActiveCfg = Release|Any CPU
		{CD767EBA-B51C-45AB-B971-BBD5C19CAF25}.Release|Any CPU.Build.0 = Release|Any CPU
		{0EE5FFD2-E70E-4442-A9CA-CC80A64D1DA2}.Debug|Any CPU.ActiveCfg = Debug|Any CPU
		{0EE5FFD2-E70E-4442-A9CA-CC80A64D1DA2}.Debug|Any CPU.Build.0 = Debug|Any CPU
		{0EE5FFD2-E70E-4442-A9CA-CC80A64D1DA2}.Release|Any CPU.ActiveCfg = Release|Any CPU
		{0EE5FFD2-E70E-4442-A9CA-CC80A64D1DA2}.Release|Any CPU.Build.0 = Release|Any CPU
	EndGlobalSection
	GlobalSection(SolutionProperties) = preSolution
		HideSolutionNode = FALSE
	EndGlobalSection
	GlobalSection(NestedProjects) = preSolution
		{C7E89A3E-A631-4760-8D61-BD1EAB1C4E69} = {6ED356A7-8B47-4613-AD01-C85CF28491BD}
		{34C0FACD-F3D9-400C-8945-554DD6B0819A} = {6ED356A7-8B47-4613-AD01-C85CF28491BD}
		{117DA02F-5274-4565-ACC6-DA9B6E568B09} = {6ED356A7-8B47-4613-AD01-C85CF28491BD}
		{DEFF4009-1FAB-4392-80B6-707E2DC5C00B} = {664D406C-2F83-48F0-BFC3-408D5CB53C65}
		{DC37FD87-552C-4613-9F16-1537CA522898} = {664D406C-2F83-48F0-BFC3-408D5CB53C65}
		{277029AF-D9E1-4B75-9F11-48FEA7345AD7} = {664D406C-2F83-48F0-BFC3-408D5CB53C65}
		{22454EE9-16B3-4B7A-8352-37E59B858155} = {6ED356A7-8B47-4613-AD01-C85CF28491BD}
		{A15D53F1-C08A-4C83-B6B0-36BB5F112C77} = {6ED356A7-8B47-4613-AD01-C85CF28491BD}
		{7FEC1B54-353C-4239-B052-EBD038B7B8C3} = {A15D53F1-C08A-4C83-B6B0-36BB5F112C77}
		{416139BB-5B5F-4868-8531-E9D2717A1B79} = {6ED356A7-8B47-4613-AD01-C85CF28491BD}
		{89C8193C-C639-4BD4-8615-565E06015A35} = {416139BB-5B5F-4868-8531-E9D2717A1B79}
		{A9351852-FAB1-4684-8D1E-42E73FC98306} = {6ED356A7-8B47-4613-AD01-C85CF28491BD}
		{AA8FD703-734B-4C4C-8356-EA845C5DD03E} = {A9351852-FAB1-4684-8D1E-42E73FC98306}
		{890F43EE-C046-40FF-8000-F4A851944251} = {AA8FD703-734B-4C4C-8356-EA845C5DD03E}
		{0679A71F-7A5E-4D63-AEC5-5E887E28ADDB} = {AA8FD703-734B-4C4C-8356-EA845C5DD03E}
		{CD767EBA-B51C-45AB-B971-BBD5C19CAF25} = {AA8FD703-734B-4C4C-8356-EA845C5DD03E}
		{0EE5FFD2-E70E-4442-A9CA-CC80A64D1DA2} = {AA8FD703-734B-4C4C-8356-EA845C5DD03E}
	EndGlobalSection
	GlobalSection(ExtensibilityGlobals) = postSolution
		SolutionGuid = {3CB609D9-5D54-4C11-A371-DAAC8B74E430}
	EndGlobalSection
EndGlobal
